<?xml version="1.0" encoding="utf-8"?>
<Project ToolsVersion="4.0" xmlns="http://schemas.microsoft.com/developer/msbuild/2003">
  <ItemGroup>
    <Filter Include="Application"><UniqueIdentifier>{3A96AC07-13E4-4A3F-97DE-C02569A2D339}</UniqueIdentifier></Filter>
    <Filter Include="Domain"><UniqueIdentifier>{99DE055F-B28F-4F9F-B923-12D73C37E717}</UniqueIdentifier></Filter>
    <Filter Include="Protocol"><UniqueIdentifier>{4F3CDA9E-99B4-41A1-9242-69FE449DE155}</UniqueIdentifier></Filter>
    <Filter Include="Services"><UniqueIdentifier>{6D083BF1-B322-4D74-BABC-F4B344C18854}</UniqueIdentifier></Filter>
    <Filter Include="Simulation"><UniqueIdentifier>{9A31C889-7D51-4482-8B74-998479BF6D6E}</UniqueIdentifier></Filter>
    <Filter Include="Transport"><UniqueIdentifier>{EC2EC865-D370-444D-B908-9F6139B9B01E}</UniqueIdentifier></Filter>
    <Filter Include="UI"><UniqueIdentifier>{93E90C02-709F-44A8-AAC1-B42CC1BBF94C}</UniqueIdentifier></Filter>
    <Filter Include="Resources"><UniqueIdentifier>{7332CCCE-C8D5-4B09-B702-487FD77F7BD4}</UniqueIdentifier></Filter>
  </ItemGroup>
  <ItemGroup>
    <ClInclude Include="framework.h"><Filter>Application</Filter></ClInclude>
    <ClInclude Include="ModbusDAQMonitor.h"><Filter>Application</Filter></ClInclude>
    <ClInclude Include="pch.h"><Filter>Application</Filter></ClInclude>
    <ClInclude Include="resource.h"><Filter>Resources</Filter></ClInclude>
    <ClInclude Include="targetver.h"><Filter>Application</Filter></ClInclude>
    <ClInclude Include="domain\AlarmEvaluator.h"><Filter>Domain</Filter></ClInclude>
    <ClInclude Include="domain\CalibrationModel.h"><Filter>Domain</Filter></ClInclude>
    <ClInclude Include="domain\Measurement.h"><Filter>Domain</Filter></ClInclude>
    <ClInclude Include="domain\MeasurementHistory.h"><Filter>Domain</Filter></ClInclude>
    <ClInclude Include="protocol\ModbusRtuClient.h"><Filter>Protocol</Filter></ClInclude>
    <ClInclude Include="services\AcquisitionService.h"><Filter>Services</Filter></ClInclude>
    <ClInclude Include="services\CsvLogger.h"><Filter>Services</Filter></ClInclude>
    <ClInclude Include="simulation\SignalSimulator.h"><Filter>Simulation</Filter></ClInclude>
    <ClInclude Include="transport\ISerialTransport.h"><Filter>Transport</Filter></ClInclude>
    <ClInclude Include="transport\Win32SerialPort.h"><Filter>Transport</Filter></ClInclude>
    <ClInclude Include="ui\HelpDialog.h"><Filter>UI</Filter></ClInclude>
    <ClInclude Include="ui\MainDialog.h"><Filter>UI</Filter></ClInclude>
  </ItemGroup>
  <ItemGroup>
    <ClCompile Include="ModbusDAQMonitor.cpp"><Filter>Application</Filter></ClCompile>
    <ClCompile Include="pch.cpp"><Filter>Application</Filter></ClCompile>
    <ClCompile Include="domain\AlarmEvaluator.cpp"><Filter>Domain</Filter></ClCompile>
    <ClCompile Include="domain\CalibrationModel.cpp"><Filter>Domain</Filter></ClCompile>
    <ClCompile Include="domain\MeasurementHistory.cpp"><Filter>Domain</Filter></ClCompile>
    <ClCompile Include="protocol\ModbusRtuClient.cpp"><Filter>Protocol</Filter></ClCompile>
    <ClCompile Include="services\AcquisitionService.cpp"><Filter>Services</Filter></ClCompile>
    <ClCompile Include="services\CsvLogger.cpp"><Filter>Services</Filter></ClCompile>
    <ClCompile Include="simulation\SignalSimulator.cpp"><Filter>Simulation</Filter></ClCompile>
    <ClCompile Include="transport\Win32SerialPort.cpp"><Filter>Transport</Filter></ClCompile>
    <ClCompile Include="ui\HelpDialog.cpp"><Filter>UI</Filter></ClCompile>
    <ClCompile Include="ui\MainDialog.cpp"><Filter>UI</Filter></ClCompile>
  </ItemGroup>
  <ItemGroup><ResourceCompile Include="ModbusDAQMonitor.rc"><Filter>Resources</Filter></ResourceCompile></ItemGroup>
  <ItemGroup><None Include="res\ModbusDAQMonitor.rc2"><Filter>Resources</Filter></None></ItemGroup>
  <ItemGroup><Image Include="res\ModbusDAQMonitor.ico"><Filter>Resources</Filter></Image></ItemGroup>
</Project>
